
Microsoft Visual Studio Solution File, Format Version 12.00
# Visual Studio 14
VisualStudioVersion = 14.0.24720.0
MinimumVisualStudioVersion = 10.0.40219.1
Project("{2150E333-8FDC-42A3-9474-1A3956D46DE8}") = "src", "src", "{CB9EC211-AF3F-467F-B68C-FB2016F0189E}"
EndProject
Project("{2150E333-8FDC-42A3-9474-1A3956D46DE8}") = "Solution Items", "Solution Items", "{808EF8CC-7774-48D5-A541-A54B441DB9AD}"
	ProjectSection(SolutionItems) = preProject
		global.json = global.json
		NuGet.Config = NuGet.Config
	EndProjectSection
EndProject
Project("{8BB2217D-0F2D-49D1-97BC-3654ED321F3B}") = "HelpDeskVNext", "src\HelpDeskVNext\HelpDeskVNext.xproj", "{9E058512-3843-4830-9D9A-5150FDE1EEE4}"
EndProject
Project("{2150E333-8FDC-42A3-9474-1A3956D46DE8}") = "test", "test", "{51459277-4AA1-4BB6-AA7B-5043AB8264D9}"
EndProject
Project("{8BB2217D-0F2D-49D1-97BC-3654ED321F3B}") = "HelpDeskVNext.Test", "test\HelpDeskVNext.Test\HelpDeskVNext.Test.xproj", "{DC431CD2-BEE6-4A6F-BF87-2714AC43EED9}"
EndProject
Project("{8BB2217D-0F2D-49D1-97BC-3654ED321F3B}") = "HelpDeskVNext.Data", "src\HelpDeskVNext.Data\HelpDeskVNext.Data.xproj", "{2FBD55DF-842E-4224-A49C-9BEF9153DA33}"
EndProject
Global
	GlobalSection(SolutionConfigurationPlatforms) = preSolution
		Debug|Any CPU = Debug|Any CPU
		Release|Any CPU = Release|Any CPU
	EndGlobalSection
	GlobalSection(ProjectConfigurationPlatforms) = postSolution
		{9E058512-3843-4830-9D9A-5150FDE1EEE4}.Debug|Any CPU.ActiveCfg = Debug|Any CPU
		{9E058512-3843-4830-9D9A-5150FDE1EEE4}.Debug|Any CPU.Build.0 = Debug|Any CPU
		{9E058512-3843-4830-9D9A-5150FDE1EEE4}.Release|Any CPU.ActiveCfg = Release|Any CPU
		{9E058512-3843-4830-9D9A-5150FDE1EEE4}.Release|Any CPU.Build.0 = Release|Any CPU
		{DC431CD2-BEE6-4A6F-BF87-2714AC43EED9}.Debug|Any CPU.ActiveCfg = Debug|Any CPU
		{DC431CD2-BEE6-4A6F-BF87-2714AC43EED9}.Debug|Any CPU.Build.0 = Debug|Any CPU
		{DC431CD2-BEE6-4A6F-BF87-2714AC43EED9}.Release|Any CPU.ActiveCfg = Release|Any CPU
		{DC431CD2-BEE6-4A6F-BF87-2714AC43EED9}.Release|Any CPU.Build.0 = Release|Any CPU
		{2FBD55DF-842E-4224-A49C-9BEF9153DA33}.Debug|Any CPU.ActiveCfg = Debug|Any CPU
		{2FBD55DF-842E-4224-A49C-9BEF9153DA33}.Debug|Any CPU.Build.0 = Debug|Any CPU
		{2FBD55DF-842E-4224-A49C-9BEF9153DA33}.Release|Any CPU.ActiveCfg = Release|Any CPU
		{2FBD55DF-842E-4224-A49C-9BEF9153DA33}.Release|Any CPU.Build.0 = Release|Any CPU
	EndGlobalSection
	GlobalSection(SolutionProperties) = preSolution
		HideSolutionNode = FALSE
	EndGlobalSection
	GlobalSection(NestedProjects) = preSolution
		{9E058512-3843-4830-9D9A-5150FDE1EEE4} = {CB9EC211-AF3F-467F-B68C-FB2016F0189E}
		{DC431CD2-BEE6-4A6F-BF87-2714AC43EED9} = {51459277-4AA1-4BB6-AA7B-5043AB8264D9}
		{2FBD55DF-842E-4224-A49C-9BEF9153DA33} = {CB9EC211-AF3F-467F-B68C-FB2016F0189E}
	EndGlobalSection
EndGlobal
